
Microsoft Visual Studio Solution File, Format Version 12.00
# Visual Studio Version 16
VisualStudioVersion = 16.0.29613.14
MinimumVisualStudioVersion = 10.0.40219.1
Project("{FAE04EC0-301F-11D3-BF4B-00C04F79EFBC}") = "UnlockMusicDotNet", "UnlockMusicDotNet\UnlockMusicDotNet.csproj", "{00885FDE-BB0E-4C08-A566-BFA31C756136}"
EndProject
Global
	GlobalSection(SolutionConfigurationPlatforms) = preSolution
		Debug|Any CPU = Debug|Any CPU
		Release|Any CPU = Release|Any CPU
	EndGlobalSection
	GlobalSection(ProjectConfigurationPlatforms) = postSolution
		{00885FDE-BB0E-4C08-A566-BFA31C756136}.Debug|Any CPU.ActiveCfg = Debug|Any CPU
		{00885FDE-BB0E-4C08-A566-BFA31C756136}.Debug|Any CPU.Build.0 = Debug|Any CPU
		{00885FDE-BB0E-4C08-A566-BFA31C756136}.Release|Any CPU.ActiveCfg = Release|Any CPU
		{00885FDE-BB0E-4C08-A566-BFA31C756136}.Release|Any CPU.Build.0 = Release|Any CPU
	EndGlobalSection
	GlobalSection(SolutionProperties) = preSolution
		HideSolutionNode = FALSE
	EndGlobalSection
	GlobalSection(ExtensibilityGlobals) = postSolution
		SolutionGuid = {4A7725D8-E4E5-479F-ACD1-738297E7E87F}
	EndGlobalSection
EndGlobal
